// !$*UTF8*$!
{
	archiveVersion = 1;
	classes = {
	};
	objectVersion = 56;
	objects = {

/* Begin PBXBuildFile section */
		CBEBF2F8299E4E0900F5F72D /* AppDelegate.swift in Sources */ = {isa = PBXBuildFile; fileRef = CBEBF2F7299E4E0900F5F72D /* AppDelegate.swift */; };
		CBEBF2FA299E4E0900F5F72D /* SceneDelegate.swift in Sources */ = {isa = PBXBuildFile; fileRef = CBEBF2F9299E4E0900F5F72D /* SceneDelegate.swift */; };
		CBEBF2FC299E4E0900F5F72D /* WelcomeViewController.swift in Sources */ = {isa = PBXBuildFile; fileRef = CBEBF2FB299E4E0900F5F72D /* WelcomeViewController.swift */; };
		CBEBF2FF299E4E0900F5F72D /* Main.storyboard in Resources */ = {isa = PBXBuildFile; fileRef = CBEBF2FD299E4E0900F5F72D /* Main.storyboard */; };
		CBEBF304299E4E0C00F5F72D /* LaunchScreen.storyboard in Resources */ = {isa = PBXBuildFile; fileRef = CBEBF302299E4E0C00F5F72D /* LaunchScreen.storyboard */; };
		CBEBF30C299E4E5600F5F72D /* Assets.xcassets in Resources */ = {isa = PBXBuildFile; fileRef = CBEBF30B299E4E5600F5F72D /* Assets.xcassets */; };
		CBEBF316299E7D2E00F5F72D /* LogInViewController.swift in Sources */ = {isa = PBXBuildFile; fileRef = CBEBF315299E7D2E00F5F72D /* LogInViewController.swift */; };
		CBEBF318299E7D4E00F5F72D /* RegisterViewController.swift in Sources */ = {isa = PBXBuildFile; fileRef = CBEBF317299E7D4E00F5F72D /* RegisterViewController.swift */; };
		CBEBF31B299F852000F5F72D /* HomePageViewController.swift in Sources */ = {isa = PBXBuildFile; fileRef = CBEBF319299F852000F5F72D /* HomePageViewController.swift */; };
		CBEBF321299F88B800F5F72D /* FirebaseAnalytics in Frameworks */ = {isa = PBXBuildFile; productRef = CBEBF320299F88B800F5F72D /* FirebaseAnalytics */; };
		CBEBF323299F88B800F5F72D /* FirebaseAnalyticsOnDeviceConversion in Frameworks */ = {isa = PBXBuildFile; productRef = CBEBF322299F88B800F5F72D /* FirebaseAnalyticsOnDeviceConversion */; };
		CBEBF325299F88B800F5F72D /* FirebaseAnalyticsSwift in Frameworks */ = {isa = PBXBuildFile; productRef = CBEBF324299F88B800F5F72D /* FirebaseAnalyticsSwift */; };
		CBEBF327299F88B800F5F72D /* FirebaseAnalyticsWithoutAdIdSupport in Frameworks */ = {isa = PBXBuildFile; productRef = CBEBF326299F88B800F5F72D /* FirebaseAnalyticsWithoutAdIdSupport */; };
		CBEBF329299F88B900F5F72D /* FirebaseAppCheck in Frameworks */ = {isa = PBXBuildFile; productRef = CBEBF328299F88B900F5F72D /* FirebaseAppCheck */; };
		CBEBF32B299F88B900F5F72D /* FirebaseAppDistribution-Beta in Frameworks */ = {isa = PBXBuildFile; productRef = CBEBF32A299F88B900F5F72D /* FirebaseAppDistribution-Beta */; };
		CBEBF32D299F88B900F5F72D /* FirebaseAuth in Frameworks */ = {isa = PBXBuildFile; productRef = CBEBF32C299F88B900F5F72D /* FirebaseAuth */; };
		CBEBF32F299F88B900F5F72D /* FirebaseAuthCombine-Community in Frameworks */ = {isa = PBXBuildFile; productRef = CBEBF32E299F88B900F5F72D /* FirebaseAuthCombine-Community */; };
		CBEBF331299F88BA00F5F72D /* FirebaseCrashlytics in Frameworks */ = {isa = PBXBuildFile; productRef = CBEBF330299F88BA00F5F72D /* FirebaseCrashlytics */; };
		CBEBF333299F88BA00F5F72D /* FirebaseDatabase in Frameworks */ = {isa = PBXBuildFile; productRef = CBEBF332299F88BA00F5F72D /* FirebaseDatabase */; };
		CBEBF335299F88BA00F5F72D /* FirebaseDatabaseSwift in Frameworks */ = {isa = PBXBuildFile; productRef = CBEBF334299F88BA00F5F72D /* FirebaseDatabaseSwift */; };
		CBEBF337299F88BB00F5F72D /* FirebaseDynamicLinks in Frameworks */ = {isa = PBXBuildFile; productRef = CBEBF336299F88BB00F5F72D /* FirebaseDynamicLinks */; };
		CBEBF339299F88BB00F5F72D /* FirebaseFirestore in Frameworks */ = {isa = PBXBuildFile; productRef = CBEBF338299F88BB00F5F72D /* FirebaseFirestore */; };
		CBEBF33B299F88BC00F5F72D /* FirebaseFirestoreCombine-Community in Frameworks */ = {isa = PBXBuildFile; productRef = CBEBF33A299F88BC00F5F72D /* FirebaseFirestoreCombine-Community */; };
		CBEBF33D299F88BC00F5F72D /* FirebaseFirestoreSwift in Frameworks */ = {isa = PBXBuildFile; productRef = CBEBF33C299F88BC00F5F72D /* FirebaseFirestoreSwift */; };
		CBEBF33F299F88BD00F5F72D /* FirebaseFunctions in Frameworks */ = {isa = PBXBuildFile; productRef = CBEBF33E299F88BD00F5F72D /* FirebaseFunctions */; };
		CBEBF341299F88BE00F5F72D /* FirebaseFunctionsCombine-Community in Frameworks */ = {isa = PBXBuildFile; productRef = CBEBF340299F88BE00F5F72D /* FirebaseFunctionsCombine-Community */; };
		CBEBF343299F88BE00F5F72D /* FirebaseInAppMessaging-Beta in Frameworks */ = {isa = PBXBuildFile; productRef = CBEBF342299F88BE00F5F72D /* FirebaseInAppMessaging-Beta */; };
		CBEBF345299F88BF00F5F72D /* FirebaseInAppMessagingSwift-Beta in Frameworks */ = {isa = PBXBuildFile; productRef = CBEBF344299F88BF00F5F72D /* FirebaseInAppMessagingSwift-Beta */; };
		CBEBF347299F88C000F5F72D /* FirebaseInstallations in Frameworks */ = {isa = PBXBuildFile; productRef = CBEBF346299F88C000F5F72D /* FirebaseInstallations */; };
		CBEBF349299F88C000F5F72D /* FirebaseMLModelDownloader in Frameworks */ = {isa = PBXBuildFile; productRef = CBEBF348299F88C000F5F72D /* FirebaseMLModelDownloader */; };
		CBEBF34B299F88C100F5F72D /* FirebaseMessaging in Frameworks */ = {isa = PBXBuildFile; productRef = CBEBF34A299F88C100F5F72D /* FirebaseMessaging */; };
		CBEBF34D299F88C200F5F72D /* FirebasePerformance in Frameworks */ = {isa = PBXBuildFile; productRef = CBEBF34C299F88C200F5F72D /* FirebasePerformance */; };
		CBEBF34F299F88C300F5F72D /* FirebaseRemoteConfig in Frameworks */ = {isa = PBXBuildFile; productRef = CBEBF34E299F88C300F5F72D /* FirebaseRemoteConfig */; };
		CBEBF351299F88C400F5F72D /* FirebaseRemoteConfigSwift in Frameworks */ = {isa = PBXBuildFile; productRef = CBEBF350299F88C400F5F72D /* FirebaseRemoteConfigSwift */; };
		CBEBF353299F88C500F5F72D /* FirebaseStorage in Frameworks */ = {isa = PBXBuildFile; productRef = CBEBF352299F88C500F5F72D /* FirebaseStorage */; };
		CBEBF355299F88C600F5F72D /* FirebaseStorageCombine-Community in Frameworks */ = {isa = PBXBuildFile; productRef = CBEBF354299F88C600F5F72D /* FirebaseStorageCombine-Community */; };
		CBEBF357299F8C7F00F5F72D /* GoogleService-Info.plist in Resources */ = {isa = PBXBuildFile; fileRef = CBEBF356299F8C7F00F5F72D /* GoogleService-Info.plist */; };
		FD1096F90DD999D9852464B0 /* Pods_Restau_Univ.framework in Frameworks */ = {isa = PBXBuildFile; fileRef = D816B9AEF21E1F5608175871 /* Pods_Restau_Univ.framework */; };
/* End PBXBuildFile section */

/* Begin PBXFileReference section */
		0375D51A8E05A1D68D99459C /* Pods-Restau_Univ.release.xcconfig */ = {isa = PBXFileReference; includeInIndex = 1; lastKnownFileType = text.xcconfig; name = "Pods-Restau_Univ.release.xcconfig"; path = "Target Support Files/Pods-Restau_Univ/Pods-Restau_Univ.release.xcconfig"; sourceTree = "<group>"; };
		CBEBF2F4299E4E0900F5F72D /* Restau_Univ.app */ = {isa = PBXFileReference; explicitFileType = wrapper.application; includeInIndex = 0; path = Restau_Univ.app; sourceTree = BUILT_PRODUCTS_DIR; };
		CBEBF2F7299E4E0900F5F72D /* AppDelegate.swift */ = {isa = PBXFileReference; lastKnownFileType = sourcecode.swift; path = AppDelegate.swift; sourceTree = "<group>"; };
		CBEBF2F9299E4E0900F5F72D /* SceneDelegate.swift */ = {isa = PBXFileReference; lastKnownFileType = sourcecode.swift; path = SceneDelegate.swift; sourceTree = "<group>"; };
		CBEBF2FB299E4E0900F5F72D /* WelcomeViewController.swift */ = {isa = PBXFileReference; lastKnownFileType = sourcecode.swift; path = WelcomeViewController.swift; sourceTree = "<group>"; };
		CBEBF2FE299E4E0900F5F72D /* Base */ = {isa = PBXFileReference; lastKnownFileType = file.storyboard; name = Base; path = Base.lproj/Main.storyboard; sourceTree = "<group>"; };
		CBEBF303299E4E0C00F5F72D /* Base */ = {isa = PBXFileReference; lastKnownFileType = file.storyboard; name = Base; path = Base.lproj/LaunchScreen.storyboard; sourceTree = "<group>"; };
		CBEBF305299E4E0C00F5F72D /* Info.plist */ = {isa = PBXFileReference; lastKnownFileType = text.plist.xml; path = Info.plist; sourceTree = "<group>"; };
		CBEBF30B299E4E5600F5F72D /* Assets.xcassets */ = {isa = PBXFileReference; lastKnownFileType = folder.assetcatalog; name = Assets.xcassets; path = ../../../Assets.xcassets; sourceTree = "<group>"; };
		CBEBF315299E7D2E00F5F72D /* LogInViewController.swift */ = {isa = PBXFileReference; lastKnownFileType = sourcecode.swift; path = LogInViewController.swift; sourceTree = "<group>"; };
		CBEBF317299E7D4E00F5F72D /* RegisterViewController.swift */ = {isa = PBXFileReference; lastKnownFileType = sourcecode.swift; path = RegisterViewController.swift; sourceTree = "<group>"; };
		CBEBF319299F852000F5F72D /* HomePageViewController.swift */ = {isa = PBXFileReference; lastKnownFileType = sourcecode.swift; path = HomePageViewController.swift; sourceTree = "<group>"; };
		CBEBF356299F8C7F00F5F72D /* GoogleService-Info.plist */ = {isa = PBXFileReference; fileEncoding = 4; lastKnownFileType = text.plist.xml; path = "GoogleService-Info.plist"; sourceTree = "<group>"; };
		D816B9AEF21E1F5608175871 /* Pods_Restau_Univ.framework */ = {isa = PBXFileReference; explicitFileType = wrapper.framework; includeInIndex = 0; path = Pods_Restau_Univ.framework; sourceTree = BUILT_PRODUCTS_DIR; };
		E9AB898767665D435FE38F0B /* Pods-Restau_Univ.debug.xcconfig */ = {isa = PBXFileReference; includeInIndex = 1; lastKnownFileType = text.xcconfig; name = "Pods-Restau_Univ.debug.xcconfig"; path = "Target Support Files/Pods-Restau_Univ/Pods-Restau_Univ.debug.xcconfig"; sourceTree = "<group>"; };
/* End PBXFileReference section */

/* Begin PBXFrameworksBuildPhase section */
		CBEBF2F1299E4E0900F5F72D /* Frameworks */ = {
			isa = PBXFrameworksBuildPhase;
			buildActionMask = 2147483647;
			files = (
				CBEBF333299F88BA00F5F72D /* FirebaseDatabase in Frameworks */,
				CBEBF341299F88BE00F5F72D /* FirebaseFunctionsCombine-Community in Frameworks */,
				CBEBF339299F88BB00F5F72D /* FirebaseFirestore in Frameworks */,
				CBEBF325299F88B800F5F72D /* FirebaseAnalyticsSwift in Frameworks */,
				CBEBF321299F88B800F5F72D /* FirebaseAnalytics in Frameworks */,
				CBEBF323299F88B800F5F72D /* FirebaseAnalyticsOnDeviceConversion in Frameworks */,
				CBEBF349299F88C000F5F72D /* FirebaseMLModelDownloader in Frameworks */,
				CBEBF33D299F88BC00F5F72D /* FirebaseFirestoreSwift in Frameworks */,
				CBEBF329299F88B900F5F72D /* FirebaseAppCheck in Frameworks */,
				CBEBF327299F88B800F5F72D /* FirebaseAnalyticsWithoutAdIdSupport in Frameworks */,
				CBEBF32D299F88B900F5F72D /* FirebaseAuth in Frameworks */,
				CBEBF331299F88BA00F5F72D /* FirebaseCrashlytics in Frameworks */,
				CBEBF351299F88C400F5F72D /* FirebaseRemoteConfigSwift in Frameworks */,
				CBEBF343299F88BE00F5F72D /* FirebaseInAppMessaging-Beta in Frameworks */,
				CBEBF335299F88BA00F5F72D /* FirebaseDatabaseSwift in Frameworks */,
				CBEBF33F299F88BD00F5F72D /* FirebaseFunctions in Frameworks */,
				CBEBF355299F88C600F5F72D /* FirebaseStorageCombine-Community in Frameworks */,
				CBEBF34F299F88C300F5F72D /* FirebaseRemoteConfig in Frameworks */,
				CBEBF32B299F88B900F5F72D /* FirebaseAppDistribution-Beta in Frameworks */,
				CBEBF32F299F88B900F5F72D /* FirebaseAuthCombine-Community in Frameworks */,
				CBEBF34D299F88C200F5F72D /* FirebasePerformance in Frameworks */,
				CBEBF345299F88BF00F5F72D /* FirebaseInAppMessagingSwift-Beta in Frameworks */,
				CBEBF353299F88C500F5F72D /* FirebaseStorage in Frameworks */,
				CBEBF337299F88BB00F5F72D /* FirebaseDynamicLinks in Frameworks */,
				CBEBF33B299F88BC00F5F72D /* FirebaseFirestoreCombine-Community in Frameworks */,
				CBEBF34B299F88C100F5F72D /* FirebaseMessaging in Frameworks */,
				CBEBF347299F88C000F5F72D /* FirebaseInstallations in Frameworks */,
				FD1096F90DD999D9852464B0 /* Pods_Restau_Univ.framework in Frameworks */,
			);
			runOnlyForDeploymentPostprocessing = 0;
		};
/* End PBXFrameworksBuildPhase section */

/* Begin PBXGroup section */
		29D53C609D1F381355DF632D /* Pods */ = {
			isa = PBXGroup;
			children = (
				E9AB898767665D435FE38F0B /* Pods-Restau_Univ.debug.xcconfig */,
				0375D51A8E05A1D68D99459C /* Pods-Restau_Univ.release.xcconfig */,
			);
			name = Pods;
			path = Pods;
			sourceTree = "<group>";
		};
		67A713572A745D464C8032AD /* Frameworks */ = {
			isa = PBXGroup;
			children = (
				D816B9AEF21E1F5608175871 /* Pods_Restau_Univ.framework */,
			);
			name = Frameworks;
			sourceTree = "<group>";
		};
		CBEBF2EB299E4E0900F5F72D = {
			isa = PBXGroup;
			children = (
				CBEBF2F6299E4E0900F5F72D /* Restau_Univ */,
				CBEBF2F5299E4E0900F5F72D /* Products */,
				29D53C609D1F381355DF632D /* Pods */,
				67A713572A745D464C8032AD /* Frameworks */,
			);
			sourceTree = "<group>";
		};
		CBEBF2F5299E4E0900F5F72D /* Products */ = {
			isa = PBXGroup;
			children = (
				CBEBF2F4299E4E0900F5F72D /* Restau_Univ.app */,
			);
			name = Products;
			sourceTree = "<group>";
		};
		CBEBF2F6299E4E0900F5F72D /* Restau_Univ */ = {
			isa = PBXGroup;
			children = (
				CBEBF2F7299E4E0900F5F72D /* AppDelegate.swift */,
				CBEBF2F9299E4E0900F5F72D /* SceneDelegate.swift */,
				CBEBF2FB299E4E0900F5F72D /* WelcomeViewController.swift */,
				CBEBF315299E7D2E00F5F72D /* LogInViewController.swift */,
				CBEBF317299E7D4E00F5F72D /* RegisterViewController.swift */,
				CBEBF319299F852000F5F72D /* HomePageViewController.swift */,
				CBEBF2FD299E4E0900F5F72D /* Main.storyboard */,
				CBEBF30B299E4E5600F5F72D /* Assets.xcassets */,
				CBEBF302299E4E0C00F5F72D /* LaunchScreen.storyboard */,
				CBEBF305299E4E0C00F5F72D /* Info.plist */,
				CBEBF356299F8C7F00F5F72D /* GoogleService-Info.plist */,
			);
			path = Restau_Univ;
			sourceTree = "<group>";
		};
/* End PBXGroup section */

/* Begin PBXNativeTarget section */
		CBEBF2F3299E4E0900F5F72D /* Restau_Univ */ = {
			isa = PBXNativeTarget;
			buildConfigurationList = CBEBF308299E4E0C00F5F72D /* Build configuration list for PBXNativeTarget "Restau_Univ" */;
			buildPhases = (
				82DB6E8E9CD8E438F29111AF /* [CP] Check Pods Manifest.lock */,
				CBEBF2F0299E4E0900F5F72D /* Sources */,
				CBEBF2F1299E4E0900F5F72D /* Frameworks */,
				CBEBF2F2299E4E0900F5F72D /* Resources */,
				C093EDEEC52F1CA0CD09891F /* [CP] Embed Pods Frameworks */,
			);
			buildRules = (
			);
			dependencies = (
			);
			name = Restau_Univ;
			packageProductDependencies = (
				CBEBF320299F88B800F5F72D /* FirebaseAnalytics */,
				CBEBF322299F88B800F5F72D /* FirebaseAnalyticsOnDeviceConversion */,
				CBEBF324299F88B800F5F72D /* FirebaseAnalyticsSwift */,
				CBEBF326299F88B800F5F72D /* FirebaseAnalyticsWithoutAdIdSupport */,
				CBEBF328299F88B900F5F72D /* FirebaseAppCheck */,
				CBEBF32A299F88B900F5F72D /* FirebaseAppDistribution-Beta */,
				CBEBF32C299F88B900F5F72D /* FirebaseAuth */,
				CBEBF32E299F88B900F5F72D /* FirebaseAuthCombine-Community */,
				CBEBF330299F88BA00F5F72D /* FirebaseCrashlytics */,
				CBEBF332299F88BA00F5F72D /* FirebaseDatabase */,
				CBEBF334299F88BA00F5F72D /* FirebaseDatabaseSwift */,
				CBEBF336299F88BB00F5F72D /* FirebaseDynamicLinks */,
				CBEBF338299F88BB00F5F72D /* FirebaseFirestore */,
				CBEBF33A299F88BC00F5F72D /* FirebaseFirestoreCombine-Community */,
				CBEBF33C299F88BC00F5F72D /* FirebaseFirestoreSwift */,
				CBEBF33E299F88BD00F5F72D /* FirebaseFunctions */,
				CBEBF340299F88BE00F5F72D /* FirebaseFunctionsCombine-Community */,
				CBEBF342299F88BE00F5F72D /* FirebaseInAppMessaging-Beta */,
				CBEBF344299F88BF00F5F72D /* FirebaseInAppMessagingSwift-Beta */,
				CBEBF346299F88C000F5F72D /* FirebaseInstallations */,
				CBEBF348299F88C000F5F72D /* FirebaseMLModelDownloader */,
				CBEBF34A299F88C100F5F72D /* FirebaseMessaging */,
				CBEBF34C299F88C200F5F72D /* FirebasePerformance */,
				CBEBF34E299F88C300F5F72D /* FirebaseRemoteConfig */,
				CBEBF350299F88C400F5F72D /* FirebaseRemoteConfigSwift */,
				CBEBF352299F88C500F5F72D /* FirebaseStorage */,
				CBEBF354299F88C600F5F72D /* FirebaseStorageCombine-Community */,
			);
			productName = Restau_Univ;
			productReference = CBEBF2F4299E4E0900F5F72D /* Restau_Univ.app */;
			productType = "com.apple.product-type.application";
		};
/* End PBXNativeTarget section */

/* Begin PBXProject section */
		CBEBF2EC299E4E0900F5F72D /* Project object */ = {
			isa = PBXProject;
			attributes = {
				BuildIndependentTargetsInParallel = 1;
				LastSwiftUpdateCheck = 1420;
				LastUpgradeCheck = 1420;
				TargetAttributes = {
					CBEBF2F3299E4E0900F5F72D = {
						CreatedOnToolsVersion = 14.2;
					};
				};
			};
			buildConfigurationList = CBEBF2EF299E4E0900F5F72D /* Build configuration list for PBXProject "Restau_Univ" */;
			compatibilityVersion = "Xcode 14.0";
			developmentRegion = en;
			hasScannedForEncodings = 0;
			knownRegions = (
				en,
				Base,
			);
			mainGroup = CBEBF2EB299E4E0900F5F72D;
			packageReferences = (
				CBEBF31F299F88B800F5F72D /* XCRemoteSwiftPackageReference "firebase-ios-sdk" */,
			);
			productRefGroup = CBEBF2F5299E4E0900F5F72D /* Products */;
			projectDirPath = "";
			projectRoot = "";
			targets = (
				CBEBF2F3299E4E0900F5F72D /* Restau_Univ */,
			);
		};
/* End PBXProject section */

/* Begin PBXResourcesBuildPhase section */
		CBEBF2F2299E4E0900F5F72D /* Resources */ = {
			isa = PBXResourcesBuildPhase;
			buildActionMask = 2147483647;
			files = (
				CBEBF304299E4E0C00F5F72D /* LaunchScreen.storyboard in Resources */,
				CBEBF357299F8C7F00F5F72D /* GoogleService-Info.plist in Resources */,
				CBEBF30C299E4E5600F5F72D /* Assets.xcassets in Resources */,
				CBEBF2FF299E4E0900F5F72D /* Main.storyboard in Resources */,
			);
			runOnlyForDeploymentPostprocessing = 0;
		};
/* End PBXResourcesBuildPhase section */

/* Begin PBXShellScriptBuildPhase section */
		82DB6E8E9CD8E438F29111AF /* [CP] Check Pods Manifest.lock */ = {
			isa = PBXShellScriptBuildPhase;
			buildActionMask = 2147483647;
			files = (
			);
			inputFileListPaths = (
			);
			inputPaths = (
				"${PODS_PODFILE_DIR_PATH}/Podfile.lock",
				"${PODS_ROOT}/Manifest.lock",
			);
			name = "[CP] Check Pods Manifest.lock";
			outputFileListPaths = (
			);
			outputPaths = (
				"$(DERIVED_FILE_DIR)/Pods-Restau_Univ-checkManifestLockResult.txt",
			);
			runOnlyForDeploymentPostprocessing = 0;
			shellPath = /bin/sh;
			shellScript = "diff \"${PODS_PODFILE_DIR_PATH}/Podfile.lock\" \"${PODS_ROOT}/Manifest.lock\" > /dev/null\nif [ $? != 0 ] ; then\n    # print error to STDERR\n    echo \"error: The sandbox is not in sync with the Podfile.lock. Run 'pod install' or update your CocoaPods installation.\" >&2\n    exit 1\nfi\n# This output is used by Xcode 'outputs' to avoid re-running this script phase.\necho \"SUCCESS\" > \"${SCRIPT_OUTPUT_FILE_0}\"\n";
			showEnvVarsInLog = 0;
		};
		C093EDEEC52F1CA0CD09891F /* [CP] Embed Pods Frameworks */ = {
			isa = PBXShellScriptBuildPhase;
			buildActionMask = 2147483647;
			files = (
			);
			inputFileListPaths = (
				"${PODS_ROOT}/Target Support Files/Pods-Restau_Univ/Pods-Restau_Univ-frameworks-${CONFIGURATION}-input-files.xcfilelist",
			);
			name = "[CP] Embed Pods Frameworks";
			outputFileListPaths = (
				"${PODS_ROOT}/Target Support Files/Pods-Restau_Univ/Pods-Restau_Univ-frameworks-${CONFIGURATION}-output-files.xcfilelist",
			);
			runOnlyForDeploymentPostprocessing = 0;
			shellPath = /bin/sh;
			shellScript = "\"${PODS_ROOT}/Target Support Files/Pods-Restau_Univ/Pods-Restau_Univ-frameworks.sh\"\n";
			showEnvVarsInLog = 0;
		};
/* End PBXShellScriptBuildPhase section */

/* Begin PBXSourcesBuildPhase section */
		CBEBF2F0299E4E0900F5F72D /* Sources */ = {
			isa = PBXSourcesBuildPhase;
			buildActionMask = 2147483647;
			files = (
				CBEBF316299E7D2E00F5F72D /* LogInViewController.swift in Sources */,
				CBEBF318299E7D4E00F5F72D /* RegisterViewController.swift in Sources */,
				CBEBF31B299F852000F5F72D /* HomePageViewController.swift in Sources */,
				CBEBF2FC299E4E0900F5F72D /* WelcomeViewController.swift in Sources */,
				CBEBF2F8299E4E0900F5F72D /* AppDelegate.swift in Sources */,
				CBEBF2FA299E4E0900F5F72D /* SceneDelegate.swift in Sources */,
			);
			runOnlyForDeploymentPostprocessing = 0;
		};
/* End PBXSourcesBuildPhase section */

/* Begin PBXVariantGroup section */
		CBEBF2FD299E4E0900F5F72D /* Main.storyboard */ = {
			isa = PBXVariantGroup;
			children = (
				CBEBF2FE299E4E0900F5F72D /* Base */,
			);
			name = Main.storyboard;
			sourceTree = "<group>";
		};
		CBEBF302299E4E0C00F5F72D /* LaunchScreen.storyboard */ = {
			isa = PBXVariantGroup;
			children = (
				CBEBF303299E4E0C00F5F72D /* Base */,
			);
			name = LaunchScreen.storyboard;
			sourceTree = "<group>";
		};
/* End PBXVariantGroup section */

/* Begin XCBuildConfiguration section */
		CBEBF306299E4E0C00F5F72D /* Debug */ = {
			isa = XCBuildConfiguration;
			buildSettings = {
				ALWAYS_SEARCH_USER_PATHS = NO;
				CLANG_ANALYZER_NONNULL = YES;
				CLANG_ANALYZER_NUMBER_OBJECT_CONVERSION = YES_AGGRESSIVE;
				CLANG_CXX_LANGUAGE_STANDARD = "gnu++20";
				CLANG_ENABLE_MODULES = YES;
				CLANG_ENABLE_OBJC_ARC = YES;
				CLANG_ENABLE_OBJC_WEAK = YES;
				CLANG_WARN_BLOCK_CAPTURE_AUTORELEASING = YES;
				CLANG_WARN_BOOL_CONVERSION = YES;
				CLANG_WARN_COMMA = YES;
				CLANG_WARN_CONSTANT_CONVERSION = YES;
				CLANG_WARN_DEPRECATED_OBJC_IMPLEMENTATIONS = YES;
				CLANG_WARN_DIRECT_OBJC_ISA_USAGE = YES_ERROR;
				CLANG_WARN_DOCUMENTATION_COMMENTS = YES;
				CLANG_WARN_EMPTY_BODY = YES;
				CLANG_WARN_ENUM_CONVERSION = YES;
				CLANG_WARN_INFINITE_RECURSION = YES;
				CLANG_WARN_INT_CONVERSION = YES;
				CLANG_WARN_NON_LITERAL_NULL_CONVERSION = YES;
				CLANG_WARN_OBJC_IMPLICIT_RETAIN_SELF = YES;
				CLANG_WARN_OBJC_LITERAL_CONVERSION = YES;
				CLANG_WARN_OBJC_ROOT_CLASS = YES_ERROR;
				CLANG_WARN_QUOTED_INCLUDE_IN_FRAMEWORK_HEADER = YES;
				CLANG_WARN_RANGE_LOOP_ANALYSIS = YES;
				CLANG_WARN_STRICT_PROTOTYPES = YES;
				CLANG_WARN_SUSPICIOUS_MOVE = YES;
				CLANG_WARN_UNGUARDED_AVAILABILITY = YES_AGGRESSIVE;
				CLANG_WARN_UNREACHABLE_CODE = YES;
				CLANG_WARN__DUPLICATE_METHOD_MATCH = YES;
				COPY_PHASE_STRIP = NO;
				DEBUG_INFORMATION_FORMAT = dwarf;
				ENABLE_STRICT_OBJC_MSGSEND = YES;
				ENABLE_TESTABILITY = YES;
				GCC_C_LANGUAGE_STANDARD = gnu11;
				GCC_DYNAMIC_NO_PIC = NO;
				GCC_NO_COMMON_BLOCKS = YES;
				GCC_OPTIMIZATION_LEVEL = 0;
				GCC_PREPROCESSOR_DEFINITIONS = (
					"DEBUG=1",
					"$(inherited)",
				);
				GCC_WARN_64_TO_32_BIT_CONVERSION = YES;
				GCC_WARN_ABOUT_RETURN_TYPE = YES_ERROR;
				GCC_WARN_UNDECLARED_SELECTOR = YES;
				GCC_WARN_UNINITIALIZED_AUTOS = YES_AGGRESSIVE;
				GCC_WARN_UNUSED_FUNCTION = YES;
				GCC_WARN_UNUSED_VARIABLE = YES;
				IPHONEOS_DEPLOYMENT_TARGET = 16.2;
				MTL_ENABLE_DEBUG_INFO = INCLUDE_SOURCE;
				MTL_FAST_MATH = YES;
				ONLY_ACTIVE_ARCH = YES;
				SDKROOT = iphoneos;
				SWIFT_ACTIVE_COMPILATION_CONDITIONS = DEBUG;
				SWIFT_OPTIMIZATION_LEVEL = "-Onone";
			};
			name = Debug;
		};
		CBEBF307299E4E0C00F5F72D /* Release */ = {
			isa = XCBuildConfiguration;
			buildSettings = {
				ALWAYS_SEARCH_USER_PATHS = NO;
				CLANG_ANALYZER_NONNULL = YES;
				CLANG_ANALYZER_NUMBER_OBJECT_CONVERSION = YES_AGGRESSIVE;
				CLANG_CXX_LANGUAGE_STANDARD = "gnu++20";
				CLANG_ENABLE_MODULES = YES;
				CLANG_ENABLE_OBJC_ARC = YES;
				CLANG_ENABLE_OBJC_WEAK = YES;
				CLANG_WARN_BLOCK_CAPTURE_AUTORELEASING = YES;
				CLANG_WARN_BOOL_CONVERSION = YES;
				CLANG_WARN_COMMA = YES;
				CLANG_WARN_CONSTANT_CONVERSION = YES;
				CLANG_WARN_DEPRECATED_OBJC_IMPLEMENTATIONS = YES;
				CLANG_WARN_DIRECT_OBJC_ISA_USAGE = YES_ERROR;
				CLANG_WARN_DOCUMENTATION_COMMENTS = YES;
				CLANG_WARN_EMPTY_BODY = YES;
				CLANG_WARN_ENUM_CONVERSION = YES;
				CLANG_WARN_INFINITE_RECURSION = YES;
				CLANG_WARN_INT_CONVERSION = YES;
				CLANG_WARN_NON_LITERAL_NULL_CONVERSION = YES;
				CLANG_WARN_OBJC_IMPLICIT_RETAIN_SELF = YES;
				CLANG_WARN_OBJC_LITERAL_CONVERSION = YES;
				CLANG_WARN_OBJC_ROOT_CLASS = YES_ERROR;
				CLANG_WARN_QUOTED_INCLUDE_IN_FRAMEWORK_HEADER = YES;
				CLANG_WARN_RANGE_LOOP_ANALYSIS = YES;
				CLANG_WARN_STRICT_PROTOTYPES = YES;
				CLANG_WARN_SUSPICIOUS_MOVE = YES;
				CLANG_WARN_UNGUARDED_AVAILABILITY = YES_AGGRESSIVE;
				CLANG_WARN_UNREACHABLE_CODE = YES;
				CLANG_WARN__DUPLICATE_METHOD_MATCH = YES;
				COPY_PHASE_STRIP = NO;
				DEBUG_INFORMATION_FORMAT = "dwarf-with-dsym";
				ENABLE_NS_ASSERTIONS = NO;
				ENABLE_STRICT_OBJC_MSGSEND = YES;
				GCC_C_LANGUAGE_STANDARD = gnu11;
				GCC_NO_COMMON_BLOCKS = YES;
				GCC_WARN_64_TO_32_BIT_CONVERSION = YES;
				GCC_WARN_ABOUT_RETURN_TYPE = YES_ERROR;
				GCC_WARN_UNDECLARED_SELECTOR = YES;
				GCC_WARN_UNINITIALIZED_AUTOS = YES_AGGRESSIVE;
				GCC_WARN_UNUSED_FUNCTION = YES;
				GCC_WARN_UNUSED_VARIABLE = YES;
				IPHONEOS_DEPLOYMENT_TARGET = 16.2;
				MTL_ENABLE_DEBUG_INFO = NO;
				MTL_FAST_MATH = YES;
				SDKROOT = iphoneos;
				SWIFT_COMPILATION_MODE = wholemodule;
				SWIFT_OPTIMIZATION_LEVEL = "-O";
				VALIDATE_PRODUCT = YES;
			};
			name = Release;
		};
		CBEBF309299E4E0C00F5F72D /* Debug */ = {
			isa = XCBuildConfiguration;
			baseConfigurationReference = E9AB898767665D435FE38F0B /* Pods-Restau_Univ.debug.xcconfig */;
			buildSettings = {
				ASSETCATALOG_COMPILER_APPICON_NAME = AppIcon;
				ASSETCATALOG_COMPILER_GLOBAL_ACCENT_COLOR_NAME = AccentColor;
				CODE_SIGN_STYLE = Automatic;
				CURRENT_PROJECT_VERSION = 1;
				DEVELOPMENT_TEAM = Y4JSG638BN;
				GENERATE_INFOPLIST_FILE = YES;
				INFOPLIST_FILE = Restau_Univ/Info.plist;
				INFOPLIST_KEY_UIApplicationSupportsIndirectInputEvents = YES;
				INFOPLIST_KEY_UILaunchStoryboardName = LaunchScreen;
				INFOPLIST_KEY_UIMainStoryboardFile = Main;
				INFOPLIST_KEY_UIStatusBarStyle = "";
				INFOPLIST_KEY_UISupportedInterfaceOrientations = UIInterfaceOrientationPortrait;
				INFOPLIST_KEY_UISupportedInterfaceOrientations_iPad = "UIInterfaceOrientationLandscapeLeft UIInterfaceOrientationLandscapeRight UIInterfaceOrientationPortrait UIInterfaceOrientationPortraitUpsideDown";
				IPHONEOS_DEPLOYMENT_TARGET = 13.0;
				LD_RUNPATH_SEARCH_PATHS = (
					"$(inherited)",
					"@executable_path/Frameworks",
				);
				MARKETING_VERSION = 1.0;
				PRODUCT_BUNDLE_IDENTIFIER = "com.Giovanni.Restau-Univ";
				PRODUCT_NAME = "$(TARGET_NAME)";
				SWIFT_EMIT_LOC_STRINGS = YES;
				SWIFT_VERSION = 5.0;
				TARGETED_DEVICE_FAMILY = "1,2";
			};
			name = Debug;
		};
		CBEBF30A299E4E0C00F5F72D /* Release */ = {
			isa = XCBuildConfiguration;
			baseConfigurationReference = 0375D51A8E05A1D68D99459C /* Pods-Restau_Univ.release.xcconfig */;
			buildSettings = {
				ASSETCATALOG_COMPILER_APPICON_NAME = AppIcon;
				ASSETCATALOG_COMPILER_GLOBAL_ACCENT_COLOR_NAME = AccentColor;
				CODE_SIGN_STYLE = Automatic;
				CURRENT_PROJECT_VERSION = 1;
				DEVELOPMENT_TEAM = Y4JSG638BN;
				GENERATE_INFOPLIST_FILE = YES;
				INFOPLIST_FILE = Restau_Univ/Info.plist;
				INFOPLIST_KEY_UIApplicationSupportsIndirectInputEvents = YES;
				INFOPLIST_KEY_UILaunchStoryboardName = LaunchScreen;
				INFOPLIST_KEY_UIMainStoryboardFile = Main;
				INFOPLIST_KEY_UIStatusBarStyle = "";
				INFOPLIST_KEY_UISupportedInterfaceOrientations = UIInterfaceOrientationPortrait;
				INFOPLIST_KEY_UISupportedInterfaceOrientations_iPad = "UIInterfaceOrientationLandscapeLeft UIInterfaceOrientationLandscapeRight UIInterfaceOrientationPortrait UIInterfaceOrientationPortraitUpsideDown";
				IPHONEOS_DEPLOYMENT_TARGET = 13.0;
				LD_RUNPATH_SEARCH_PATHS = (
					"$(inherited)",
					"@executable_path/Frameworks",
				);
				MARKETING_VERSION = 1.0;
				PRODUCT_BUNDLE_IDENTIFIER = "com.Giovanni.Restau-Univ";
				PRODUCT_NAME = "$(TARGET_NAME)";
				SWIFT_EMIT_LOC_STRINGS = YES;
				SWIFT_VERSION = 5.0;
				TARGETED_DEVICE_FAMILY = "1,2";
			};
			name = Release;
		};
/* End XCBuildConfiguration section */

/* Begin XCConfigurationList section */
		CBEBF2EF299E4E0900F5F72D /* Build configuration list for PBXProject "Restau_Univ" */ = {
			isa = XCConfigurationList;
			buildConfigurations = (
				CBEBF306299E4E0C00F5F72D /* Debug */,
				CBEBF307299E4E0C00F5F72D /* Release */,
			);
			defaultConfigurationIsVisible = 0;
			defaultConfigurationName = Release;
		};
		CBEBF308299E4E0C00F5F72D /* Build configuration list for PBXNativeTarget "Restau_Univ" */ = {
			isa = XCConfigurationList;
			buildConfigurations = (
				CBEBF309299E4E0C00F5F72D /* Debug */,
				CBEBF30A299E4E0C00F5F72D /* Release */,
			);
			defaultConfigurationIsVisible = 0;
			defaultConfigurationName = Release;
		};
/* End XCConfigurationList section */

/* Begin XCRemoteSwiftPackageReference section */
		CBEBF31F299F88B800F5F72D /* XCRemoteSwiftPackageReference "firebase-ios-sdk" */ = {
			isa = XCRemoteSwiftPackageReference;
			repositoryURL = "https://github.com/firebase/firebase-ios-sdk";
			requirement = {
				branch = master;
				kind = branch;
			};
		};
/* End XCRemoteSwiftPackageReference section */

/* Begin XCSwiftPackageProductDependency section */
		CBEBF320299F88B800F5F72D /* FirebaseAnalytics */ = {
			isa = XCSwiftPackageProductDependency;
			package = CBEBF31F299F88B800F5F72D /* XCRemoteSwiftPackageReference "firebase-ios-sdk" */;
			productName = FirebaseAnalytics;
		};
		CBEBF322299F88B800F5F72D /* FirebaseAnalyticsOnDeviceConversion */ = {
			isa = XCSwiftPackageProductDependency;
			package = CBEBF31F299F88B800F5F72D /* XCRemoteSwiftPackageReference "firebase-ios-sdk" */;
			productName = FirebaseAnalyticsOnDeviceConversion;
		};
		CBEBF324299F88B800F5F72D /* FirebaseAnalyticsSwift */ = {
			isa = XCSwiftPackageProductDependency;
			package = CBEBF31F299F88B800F5F72D /* XCRemoteSwiftPackageReference "firebase-ios-sdk" */;
			productName = FirebaseAnalyticsSwift;
		};
		CBEBF326299F88B800F5F72D /* FirebaseAnalyticsWithoutAdIdSupport */ = {
			isa = XCSwiftPackageProductDependency;
			package = CBEBF31F299F88B800F5F72D /* XCRemoteSwiftPackageReference "firebase-ios-sdk" */;
			productName = FirebaseAnalyticsWithoutAdIdSupport;
		};
		CBEBF328299F88B900F5F72D /* FirebaseAppCheck */ = {
			isa = XCSwiftPackageProductDependency;
			package = CBEBF31F299F88B800F5F72D /* XCRemoteSwiftPackageReference "firebase-ios-sdk" */;
			productName = FirebaseAppCheck;
		};
		CBEBF32A299F88B900F5F72D /* FirebaseAppDistribution-Beta */ = {
			isa = XCSwiftPackageProductDependency;
			package = CBEBF31F299F88B800F5F72D /* XCRemoteSwiftPackageReference "firebase-ios-sdk" */;
			productName = "FirebaseAppDistribution-Beta";
		};
		CBEBF32C299F88B900F5F72D /* FirebaseAuth */ = {
			isa = XCSwiftPackageProductDependency;
			package = CBEBF31F299F88B800F5F72D /* XCRemoteSwiftPackageReference "firebase-ios-sdk" */;
			productName = FirebaseAuth;
		};
		CBEBF32E299F88B900F5F72D /* FirebaseAuthCombine-Community */ = {
			isa = XCSwiftPackageProductDependency;
			package = CBEBF31F299F88B800F5F72D /* XCRemoteSwiftPackageReference "firebase-ios-sdk" */;
			productName = "FirebaseAuthCombine-Community";
		};
		CBEBF330299F88BA00F5F72D /* FirebaseCrashlytics */ = {
			isa = XCSwiftPackageProductDependency;
			package = CBEBF31F299F88B800F5F72D /* XCRemoteSwiftPackageReference "firebase-ios-sdk" */;
			productName = FirebaseCrashlytics;
		};
		CBEBF332299F88BA00F5F72D /* FirebaseDatabase */ = {
			isa = XCSwiftPackageProductDependency;
			package = CBEBF31F299F88B800F5F72D /* XCRemoteSwiftPackageReference "firebase-ios-sdk" */;
			productName = FirebaseDatabase;
		};
		CBEBF334299F88BA00F5F72D /* FirebaseDatabaseSwift */ = {
			isa = XCSwiftPackageProductDependency;
			package = CBEBF31F299F88B800F5F72D /* XCRemoteSwiftPackageReference "firebase-ios-sdk" */;
			productName = FirebaseDatabaseSwift;
		};
		CBEBF336299F88BB00F5F72D /* FirebaseDynamicLinks */ = {
			isa = XCSwiftPackageProductDependency;
			package = CBEBF31F299F88B800F5F72D /* XCRemoteSwiftPackageReference "firebase-ios-sdk" */;
			productName = FirebaseDynamicLinks;
		};
		CBEBF338299F88BB00F5F72D /* FirebaseFirestore */ = {
			isa = XCSwiftPackageProductDependency;
			package = CBEBF31F299F88B800F5F72D /* XCRemoteSwiftPackageReference "firebase-ios-sdk" */;
			productName = FirebaseFirestore;
		};
		CBEBF33A299F88BC00F5F72D /* FirebaseFirestoreCombine-Community */ = {
			isa = XCSwiftPackageProductDependency;
			package = CBEBF31F299F88B800F5F72D /* XCRemoteSwiftPackageReference "firebase-ios-sdk" */;
			productName = "FirebaseFirestoreCombine-Community";
		};
		CBEBF33C299F88BC00F5F72D /* FirebaseFirestoreSwift */ = {
			isa = XCSwiftPackageProductDependency;
			package = CBEBF31F299F88B800F5F72D /* XCRemoteSwiftPackageReference "firebase-ios-sdk" */;
			productName = FirebaseFirestoreSwift;
		};
		CBEBF33E299F88BD00F5F72D /* FirebaseFunctions */ = {
			isa = XCSwiftPackageProductDependency;
			package = CBEBF31F299F88B800F5F72D /* XCRemoteSwiftPackageReference "firebase-ios-sdk" */;
			productName = FirebaseFunctions;
		};
		CBEBF340299F88BE00F5F72D /* FirebaseFunctionsCombine-Community */ = {
			isa = XCSwiftPackageProductDependency;
			package = CBEBF31F299F88B800F5F72D /* XCRemoteSwiftPackageReference "firebase-ios-sdk" */;
			productName = "FirebaseFunctionsCombine-Community";
		};
		CBEBF342299F88BE00F5F72D /* FirebaseInAppMessaging-Beta */ = {
			isa = XCSwiftPackageProductDependency;
			package = CBEBF31F299F88B800F5F72D /* XCRemoteSwiftPackageReference "firebase-ios-sdk" */;
			productName = "FirebaseInAppMessaging-Beta";
		};
		CBEBF344299F88BF00F5F72D /* FirebaseInAppMessagingSwift-Beta */ = {
			isa = XCSwiftPackageProductDependency;
			package = CBEBF31F299F88B800F5F72D /* XCRemoteSwiftPackageReference "firebase-ios-sdk" */;
			productName = "FirebaseInAppMessagingSwift-Beta";
		};
		CBEBF346299F88C000F5F72D /* FirebaseInstallations */ = {
			isa = XCSwiftPackageProductDependency;
			package = CBEBF31F299F88B800F5F72D /* XCRemoteSwiftPackageReference "firebase-ios-sdk" */;
			productName = FirebaseInstallations;
		};
		CBEBF348299F88C000F5F72D /* FirebaseMLModelDownloader */ = {
			isa = XCSwiftPackageProductDependency;
			package = CBEBF31F299F88B800F5F72D /* XCRemoteSwiftPackageReference "firebase-ios-sdk" */;
			productName = FirebaseMLModelDownloader;
		};
		CBEBF34A299F88C100F5F72D /* FirebaseMessaging */ = {
			isa = XCSwiftPackageProductDependency;
			package = CBEBF31F299F88B800F5F72D /* XCRemoteSwiftPackageReference "firebase-ios-sdk" */;
			productName = FirebaseMessaging;
		};
		CBEBF34C299F88C200F5F72D /* FirebasePerformance */ = {
			isa = XCSwiftPackageProductDependency;
			package = CBEBF31F299F88B800F5F72D /* XCRemoteSwiftPackageReference "firebase-ios-sdk" */;
			productName = FirebasePerformance;
		};
		CBEBF34E299F88C300F5F72D /* FirebaseRemoteConfig */ = {
			isa = XCSwiftPackageProductDependency;
			package = CBEBF31F299F88B800F5F72D /* XCRemoteSwiftPackageReference "firebase-ios-sdk" */;
			productName = FirebaseRemoteConfig;
		};
		CBEBF350299F88C400F5F72D /* FirebaseRemoteConfigSwift */ = {
			isa = XCSwiftPackageProductDependency;
			package = CBEBF31F299F88B800F5F72D /* XCRemoteSwiftPackageReference "firebase-ios-sdk" */;
			productName = FirebaseRemoteConfigSwift;
		};
		CBEBF352299F88C500F5F72D /* FirebaseStorage */ = {
			isa = XCSwiftPackageProductDependency;
			package = CBEBF31F299F88B800F5F72D /* XCRemoteSwiftPackageReference "firebase-ios-sdk" */;
			productName = FirebaseStorage;
		};
		CBEBF354299F88C600F5F72D /* FirebaseStorageCombine-Community */ = {
			isa = XCSwiftPackageProductDependency;
			package = CBEBF31F299F88B800F5F72D /* XCRemoteSwiftPackageReference "firebase-ios-sdk" */;
			productName = "FirebaseStorageCombine-Community";
		};
/* End XCSwiftPackageProductDependency section */
	};
	rootObject = CBEBF2EC299E4E0900F5F72D /* Project object */;
}
